
Microsoft Visual Studio Solution File, Format Version 12.00
# Visual Studio Version 16
VisualStudioVersion = 16.0.30114.105
MinimumVisualStudioVersion = 10.0.40219.1
Project("{FAE04EC0-301F-11D3-BF4B-00C04F79EFBC}") = "DFS.Android", "DFS\DFS.Android\DFS.Android.csproj", "{D47AC9F4-9224-4593-B8AA-50E2DE69EC2A}"
EndProject
Project("{FAE04EC0-301F-11D3-BF4B-00C04F79EFBC}") = "DFS.iOS", "DFS\DFS.iOS\DFS.iOS.csproj", "{7A017D20-1350-482B-B938-CF7FF1C58922}"
EndProject
Project("{FAE04EC0-301F-11D3-BF4B-00C04F79EFBC}") = "DFS", "DFS\DFS\DFS.csproj", "{614F5BF9-D7F0-4660-B076-BEFE5BE3431C}"
EndProject
Global
	GlobalSection(SolutionConfigurationPlatforms) = preSolution
		Debug|Any CPU = Debug|Any CPU
		Debug|iPhone = Debug|iPhone
		Debug|iPhoneSimulator = Debug|iPhoneSimulator
		Release|Any CPU = Release|Any CPU
		Release|iPhone = Release|iPhone
		Release|iPhoneSimulator = Release|iPhoneSimulator
	EndGlobalSection
	GlobalSection(ProjectConfigurationPlatforms) = postSolution
		{D47AC9F4-9224-4593-B8AA-50E2DE69EC2A}.Debug|Any CPU.ActiveCfg = Debug|Any CPU
		{D47AC9F4-9224-4593-B8AA-50E2DE69EC2A}.Debug|Any CPU.Build.0 = Debug|Any CPU
		{D47AC9F4-9224-4593-B8AA-50E2DE69EC2A}.Debug|Any CPU.Deploy.0 = Debug|Any CPU
		{D47AC9F4-9224-4593-B8AA-50E2DE69EC2A}.Debug|iPhone.ActiveCfg = Debug|Any CPU
		{D47AC9F4-9224-4593-B8AA-50E2DE69EC2A}.Debug|iPhone.Build.0 = Debug|Any CPU
		{D47AC9F4-9224-4593-B8AA-50E2DE69EC2A}.Debug|iPhone.Deploy.0 = Debug|Any CPU
		{D47AC9F4-9224-4593-B8AA-50E2DE69EC2A}.Debug|iPhoneSimulator.ActiveCfg = Debug|Any CPU
		{D47AC9F4-9224-4593-B8AA-50E2DE69EC2A}.Debug|iPhoneSimulator.Build.0 = Debug|Any CPU
		{D47AC9F4-9224-4593-B8AA-50E2DE69EC2A}.Debug|iPhoneSimulator.Deploy.0 = Debug|Any CPU
		{D47AC9F4-9224-4593-B8AA-50E2DE69EC2A}.Release|Any CPU.ActiveCfg = Release|Any CPU
		{D47AC9F4-9224-4593-B8AA-50E2DE69EC2A}.Release|Any CPU.Build.0 = Release|Any CPU
		{D47AC9F4-9224-4593-B8AA-50E2DE69EC2A}.Release|Any CPU.Deploy.0 = Release|Any CPU
		{D47AC9F4-9224-4593-B8AA-50E2DE69EC2A}.Release|iPhone.ActiveCfg = Release|Any CPU
		{D47AC9F4-9224-4593-B8AA-50E2DE69EC2A}.Release|iPhone.Build.0 = Release|Any CPU
		{D47AC9F4-9224-4593-B8AA-50E2DE69EC2A}.Release|iPhone.Deploy.0 = Release|Any CPU
		{D47AC9F4-9224-4593-B8AA-50E2DE69EC2A}.Release|iPhoneSimulator.ActiveCfg = Release|Any CPU
		{D47AC9F4-9224-4593-B8AA-50E2DE69EC2A}.Release|iPhoneSimulator.Build.0 = Release|Any CPU
		{D47AC9F4-9224-4593-B8AA-50E2DE69EC2A}.Release|iPhoneSimulator.Deploy.0 = Release|Any CPU
		{7A017D20-1350-482B-B938-CF7FF1C58922}.Debug|Any CPU.ActiveCfg = Debug|iPhone
		{7A017D20-1350-482B-B938-CF7FF1C58922}.Debug|Any CPU.Build.0 = Debug|iPhone
		{7A017D20-1350-482B-B938-CF7FF1C58922}.Debug|Any CPU.Deploy.0 = Debug|iPhone
		{7A017D20-1350-482B-B938-CF7FF1C58922}.Debug|iPhone.ActiveCfg = Debug|iPhone
		{7A017D20-1350-482B-B938-CF7FF1C58922}.Debug|iPhone.Build.0 = Debug|iPhone
		{7A017D20-1350-482B-B938-CF7FF1C58922}.Debug|iPhone.Deploy.0 = Debug|iPhone
		{7A017D20-1350-482B-B938-CF7FF1C58922}.Debug|iPhoneSimulator.ActiveCfg = Debug|iPhoneSimulator
		{7A017D20-1350-482B-B938-CF7FF1C58922}.Debug|iPhoneSimulator.Build.0 = Debug|iPhoneSimulator
		{7A017D20-1350-482B-B938-CF7FF1C58922}.Debug|iPhoneSimulator.Deploy.0 = Debug|iPhoneSimulator
		{7A017D20-1350-482B-B938-CF7FF1C58922}.Release|Any CPU.ActiveCfg = Release|iPhone
		{7A017D20-1350-482B-B938-CF7FF1C58922}.Release|Any CPU.Build.0 = Release|iPhone
		{7A017D20-1350-482B-B938-CF7FF1C58922}.Release|Any CPU.Deploy.0 = Release|iPhone
		{7A017D20-1350-482B-B938-CF7FF1C58922}.Release|iPhone.ActiveCfg = Release|iPhone
		{7A017D20-1350-482B-B938-CF7FF1C58922}.Release|iPhone.Build.0 = Release|iPhone
		{7A017D20-1350-482B-B938-CF7FF1C58922}.Release|iPhone.Deploy.0 = Release|iPhone
		{7A017D20-1350-482B-B938-CF7FF1C58922}.Release|iPhoneSimulator.ActiveCfg = Release|iPhoneSimulator
		{7A017D20-1350-482B-B938-CF7FF1C58922}.Release|iPhoneSimulator.Build.0 = Release|iPhoneSimulator
		{7A017D20-1350-482B-B938-CF7FF1C58922}.Release|iPhoneSimulator.Deploy.0 = Release|iPhoneSimulator
		{614F5BF9-D7F0-4660-B076-BEFE5BE3431C}.Debug|Any CPU.ActiveCfg = Debug|Any CPU
		{614F5BF9-D7F0-4660-B076-BEFE5BE3431C}.Debug|Any CPU.Build.0 = Debug|Any CPU
		{614F5BF9-D7F0-4660-B076-BEFE5BE3431C}.Debug|Any CPU.Deploy.0 = Debug|Any CPU
		{614F5BF9-D7F0-4660-B076-BEFE5BE3431C}.Debug|iPhone.ActiveCfg = Debug|Any CPU
		{614F5BF9-D7F0-4660-B076-BEFE5BE3431C}.Debug|iPhone.Build.0 = Debug|Any CPU
		{614F5BF9-D7F0-4660-B076-BEFE5BE3431C}.Debug|iPhone.Deploy.0 = Debug|Any CPU
		{614F5BF9-D7F0-4660-B076-BEFE5BE3431C}.Debug|iPhoneSimulator.ActiveCfg = Debug|Any CPU
		{614F5BF9-D7F0-4660-B076-BEFE5BE3431C}.Debug|iPhoneSimulator.Build.0 = Debug|Any CPU
		{614F5BF9-D7F0-4660-B076-BEFE5BE3431C}.Debug|iPhoneSimulator.Deploy.0 = Debug|Any CPU
		{614F5BF9-D7F0-4660-B076-BEFE5BE3431C}.Release|Any CPU.ActiveCfg = Release|Any CPU
		{614F5BF9-D7F0-4660-B076-BEFE5BE3431C}.Release|Any CPU.Build.0 = Release|Any CPU
		{614F5BF9-D7F0-4660-B076-BEFE5BE3431C}.Release|Any CPU.Deploy.0 = Release|Any CPU
		{614F5BF9-D7F0-4660-B076-BEFE5BE3431C}.Release|iPhone.ActiveCfg = Release|Any CPU
		{614F5BF9-D7F0-4660-B076-BEFE5BE3431C}.Release|iPhone.Build.0 = Release|Any CPU
		{614F5BF9-D7F0-4660-B076-BEFE5BE3431C}.Release|iPhone.Deploy.0 = Release|Any CPU
		{614F5BF9-D7F0-4660-B076-BEFE5BE3431C}.Release|iPhoneSimulator.ActiveCfg = Release|Any CPU
		{614F5BF9-D7F0-4660-B076-BEFE5BE3431C}.Release|iPhoneSimulator.Build.0 = Release|Any CPU
		{614F5BF9-D7F0-4660-B076-BEFE5BE3431C}.Release|iPhoneSimulator.Deploy.0 = Release|Any CPU
	EndGlobalSection
	GlobalSection(SolutionProperties) = preSolution
		HideSolutionNode = FALSE
	EndGlobalSection
	GlobalSection(ExtensibilityGlobals) = postSolution
		SolutionGuid = {E09C1F62-DE26-4AB7-97E5-663AA093BD29}
	EndGlobalSection
EndGlobal
